
Microsoft Visual Studio Solution File, Format Version 12.00
# Visual Studio Version 17
VisualStudioVersion = 17.9.34607.119
MinimumVisualStudioVersion = 10.0.40219.1
Project("{FAE04EC0-301F-11D3-BF4B-00C04F79EFBC}") = "ex_guy", "ex_guy.csproj", "{D1225936-4205-4A88-806F-098B3A649504}"
EndProject
Global
	GlobalSection(SolutionConfigurationPlatforms) = preSolution
		Debug|Any CPU = Debug|Any CPU
		Release|Any CPU = Release|Any CPU
	EndGlobalSection
	GlobalSection(ProjectConfigurationPlatforms) = postSolution
		{D1225936-4205-4A88-806F-098B3A649504}.Debug|Any CPU.ActiveCfg = Debug|Any CPU
		{D1225936-4205-4A88-806F-098B3A649504}.Debug|Any CPU.Build.0 = Debug|Any CPU
		{D1225936-4205-4A88-806F-098B3A649504}.Release|Any CPU.ActiveCfg = Release|Any CPU
		{D1225936-4205-4A88-806F-098B3A649504}.Release|Any CPU.Build.0 = Release|Any CPU
	EndGlobalSection
	GlobalSection(SolutionProperties) = preSolution
		HideSolutionNode = FALSE
	EndGlobalSection
	GlobalSection(ExtensibilityGlobals) = postSolution
		SolutionGuid = {9E3EDCF2-9B10-4AB6-A660-E56D8FD0DE20}
	EndGlobalSection
EndGlobal
